
Microsoft Visual Studio Solution File, Format Version 12.00
# Visual Studio 14
VisualStudioVersion = 14.0.25420.1
MinimumVisualStudioVersion = 10.0.40219.1
Project("{2150E333-8FDC-42A3-9474-1A3956D46DE8}") = "files", "files", "{C1BCD5C1-5519-48B9-8C62-89EFB4B0991D}"
	ProjectSection(SolutionItems) = preProject
		blqw.Httpdoer\blqw.Httpdoer.nuspec = blqw.Httpdoer\blqw.Httpdoer.nuspec
		blqw.Httpdoer\nuget-pack.bat = blqw.Httpdoer\nuget-pack.bat
		README.md = README.md
		blqw.Httpdoer\update-ioc.ps1 = blqw.Httpdoer\update-ioc.ps1
	EndProjectSection
EndProject
Project("{FAE04EC0-301F-11D3-BF4B-00C04F79EFBC}") = "blqw.Httpdoer", "blqw.Httpdoer\blqw.Httpdoer.csproj", "{135D11D6-46E5-41BF-9DB2-6F033293B260}"
EndProject
Project("{FAE04EC0-301F-11D3-BF4B-00C04F79EFBC}") = "blqw.AliyunOSS", "blqw.AliyunOSS\blqw.AliyunOSS.csproj", "{C315616E-E927-4055-9B18-B18F98B41B9D}"
EndProject
Project("{FAE04EC0-301F-11D3-BF4B-00C04F79EFBC}") = "Demo", "Demo\Demo.csproj", "{2367158E-B52A-410F-A627-2DBE30112AC5}"
EndProject
Project("{FAE04EC0-301F-11D3-BF4B-00C04F79EFBC}") = "UnitTest", "UnitTest\UnitTest.csproj", "{DE1186E4-99D1-4BD8-8DE1-F35F6025230E}"
EndProject
Project("{FAE04EC0-301F-11D3-BF4B-00C04F79EFBC}") = "blqw.Httpdoer.Extensions", "blqw.Httpdoer.Extensions\blqw.Httpdoer.Extensions.csproj", "{944F1950-E158-4DBD-928D-895420F12161}"
EndProject
Project("{FAE04EC0-301F-11D3-BF4B-00C04F79EFBC}") = "BuiBuiAPI", "BuiBuiAPI\BuiBuiAPI.csproj", "{5C030276-B7F5-4F83-90C7-50DAEDC17B18}"
EndProject
Global
	GlobalSection(SolutionConfigurationPlatforms) = preSolution
		Debug|Any CPU = Debug|Any CPU
		Release|Any CPU = Release|Any CPU
	EndGlobalSection
	GlobalSection(ProjectConfigurationPlatforms) = postSolution
		{135D11D6-46E5-41BF-9DB2-6F033293B260}.Debug|Any CPU.ActiveCfg = Debug|Any CPU
		{135D11D6-46E5-41BF-9DB2-6F033293B260}.Debug|Any CPU.Build.0 = Debug|Any CPU
		{135D11D6-46E5-41BF-9DB2-6F033293B260}.Release|Any CPU.ActiveCfg = Release|Any CPU
		{135D11D6-46E5-41BF-9DB2-6F033293B260}.Release|Any CPU.Build.0 = Release|Any CPU
		{C315616E-E927-4055-9B18-B18F98B41B9D}.Debug|Any CPU.ActiveCfg = Debug|Any CPU
		{C315616E-E927-4055-9B18-B18F98B41B9D}.Debug|Any CPU.Build.0 = Debug|Any CPU
		{C315616E-E927-4055-9B18-B18F98B41B9D}.Release|Any CPU.ActiveCfg = Release|Any CPU
		{C315616E-E927-4055-9B18-B18F98B41B9D}.Release|Any CPU.Build.0 = Release|Any CPU
		{2367158E-B52A-410F-A627-2DBE30112AC5}.Debug|Any CPU.ActiveCfg = Debug|Any CPU
		{2367158E-B52A-410F-A627-2DBE30112AC5}.Debug|Any CPU.Build.0 = Debug|Any CPU
		{2367158E-B52A-410F-A627-2DBE30112AC5}.Release|Any CPU.ActiveCfg = Release|Any CPU
		{2367158E-B52A-410F-A627-2DBE30112AC5}.Release|Any CPU.Build.0 = Release|Any CPU
		{DE1186E4-99D1-4BD8-8DE1-F35F6025230E}.Debug|Any CPU.ActiveCfg = Debug|Any CPU
		{DE1186E4-99D1-4BD8-8DE1-F35F6025230E}.Debug|Any CPU.Build.0 = Debug|Any CPU
		{DE1186E4-99D1-4BD8-8DE1-F35F6025230E}.Release|Any CPU.ActiveCfg = Release|Any CPU
		{DE1186E4-99D1-4BD8-8DE1-F35F6025230E}.Release|Any CPU.Build.0 = Release|Any CPU
		{944F1950-E158-4DBD-928D-895420F12161}.Debug|Any CPU.ActiveCfg = Debug|Any CPU
		{944F1950-E158-4DBD-928D-895420F12161}.Debug|Any CPU.Build.0 = Debug|Any CPU
		{944F1950-E158-4DBD-928D-895420F12161}.Release|Any CPU.ActiveCfg = Release|Any CPU
		{944F1950-E158-4DBD-928D-895420F12161}.Release|Any CPU.Build.0 = Release|Any CPU
		{5C030276-B7F5-4F83-90C7-50DAEDC17B18}.Debug|Any CPU.ActiveCfg = Debug|Any CPU
		{5C030276-B7F5-4F83-90C7-50DAEDC17B18}.Debug|Any CPU.Build.0 = Debug|Any CPU
		{5C030276-B7F5-4F83-90C7-50DAEDC17B18}.Release|Any CPU.ActiveCfg = Release|Any CPU
		{5C030276-B7F5-4F83-90C7-50DAEDC17B18}.Release|Any CPU.Build.0 = Release|Any CPU
	EndGlobalSection
	GlobalSection(SolutionProperties) = preSolution
		HideSolutionNode = FALSE
	EndGlobalSection
EndGlobal
